
Microsoft Visual Studio Solution File, Format Version 12.00
# Visual Studio Version 17
VisualStudioVersion = 17.8.34330.188
MinimumVisualStudioVersion = 10.0.40219.1
Project("{FAE04EC0-301F-11D3-BF4B-00C04F79EFBC}") = "ElectronicStore", "ElectronicStore\ElectronicStore.csproj", "{403312FC-CE2D-4595-A8CF-ACFDACF15EFE}"
EndProject
Global
	GlobalSection(SolutionConfigurationPlatforms) = preSolution
		Debug|Any CPU = Debug|Any CPU
		Release|Any CPU = Release|Any CPU
	EndGlobalSection
	GlobalSection(ProjectConfigurationPlatforms) = postSolution
		{403312FC-CE2D-4595-A8CF-ACFDACF15EFE}.Debug|Any CPU.ActiveCfg = Debug|Any CPU
		{403312FC-CE2D-4595-A8CF-ACFDACF15EFE}.Debug|Any CPU.Build.0 = Debug|Any CPU
		{403312FC-CE2D-4595-A8CF-ACFDACF15EFE}.Release|Any CPU.ActiveCfg = Release|Any CPU
		{403312FC-CE2D-4595-A8CF-ACFDACF15EFE}.Release|Any CPU.Build.0 = Release|Any CPU
	EndGlobalSection
	GlobalSection(SolutionProperties) = preSolution
		HideSolutionNode = FALSE
	EndGlobalSection
	GlobalSection(ExtensibilityGlobals) = postSolution
		SolutionGuid = {8B8C9938-A490-47DE-8AC6-CEF38A45DB99}
	EndGlobalSection
EndGlobal
